
Microsoft Visual Studio Solution File, Format Version 12.00
# Visual Studio Version 16
VisualStudioVersion = 16.0.30128.74
MinimumVisualStudioVersion = 10.0.40219.1
Project("{2150E333-8FDC-42A3-9474-1A3956D46DE8}") = "Microservices", "Microservices", "{AC7FE535-C5F5-46D6-8050-191D9EEA60A2}"
EndProject
Project("{2150E333-8FDC-42A3-9474-1A3956D46DE8}") = "Domain", "Domain", "{A751AE3A-DA88-45A0-8E8A-D43C4601C9D9}"
EndProject
Project("{2150E333-8FDC-42A3-9474-1A3956D46DE8}") = "Infra.Bus", "Infra.Bus", "{2F917EC3-65B9-4189-AEB1-B36E4D7911B8}"
EndProject
Project("{2150E333-8FDC-42A3-9474-1A3956D46DE8}") = "Infra.IoC", "Infra.IoC", "{DFB9FB3F-9F07-48E1-BE11-B5D5F9EFBC78}"
EndProject
Project("{2150E333-8FDC-42A3-9474-1A3956D46DE8}") = "Presentation", "Presentation", "{D0C1D02B-D315-4C0D-962F-9FF85170D279}"
EndProject
Project("{FAE04EC0-301F-11D3-BF4B-00C04F79EFBC}") = "MicroRabbit.Domain.Core", "MicroRabbit.Domain.Core\MicroRabbit.Domain.Core.csproj", "{6B6D3302-9DB5-48D2-9722-A1CA81041EB2}"
EndProject
Global
	GlobalSection(SolutionConfigurationPlatforms) = preSolution
		Debug|Any CPU = Debug|Any CPU
		Release|Any CPU = Release|Any CPU
	EndGlobalSection
	GlobalSection(ProjectConfigurationPlatforms) = postSolution
		{6B6D3302-9DB5-48D2-9722-A1CA81041EB2}.Debug|Any CPU.ActiveCfg = Debug|Any CPU
		{6B6D3302-9DB5-48D2-9722-A1CA81041EB2}.Debug|Any CPU.Build.0 = Debug|Any CPU
		{6B6D3302-9DB5-48D2-9722-A1CA81041EB2}.Release|Any CPU.ActiveCfg = Release|Any CPU
		{6B6D3302-9DB5-48D2-9722-A1CA81041EB2}.Release|Any CPU.Build.0 = Release|Any CPU
	EndGlobalSection
	GlobalSection(SolutionProperties) = preSolution
		HideSolutionNode = FALSE
	EndGlobalSection
	GlobalSection(NestedProjects) = preSolution
		{6B6D3302-9DB5-48D2-9722-A1CA81041EB2} = {A751AE3A-DA88-45A0-8E8A-D43C4601C9D9}
	EndGlobalSection
	GlobalSection(ExtensibilityGlobals) = postSolution
		SolutionGuid = {2BDF103A-7DB2-4394-9B8A-B95D857789E0}
	EndGlobalSection
EndGlobal
